// !$*UTF8*$!
{
	archiveVersion = 1;
	classes = {
	};
	objectVersion = 46;
	objects = {

/* Begin PBXBuildFile section */
		112291E415275A8F00BEB521 /* Icon~EvilCode.png in Resources */ = {isa = PBXBuildFile; fileRef = 112291E015275A8F00BEB521 /* Icon~EvilCode.png */; };
		112291E515275A8F00BEB521 /* IconAndrey.png in Resources */ = {isa = PBXBuildFile; fileRef = 112291E115275A8F00BEB521 /* IconAndrey.png */; };
		112291E615275A8F00BEB521 /* IconBoonz.png in Resources */ = {isa = PBXBuildFile; fileRef = 112291E215275A8F00BEB521 /* IconBoonz.png */; };
		112291E715275A8F00BEB521 /* IconMucki.png in Resources */ = {isa = PBXBuildFile; fileRef = 112291E315275A8F00BEB521 /* IconMucki.png */; };
		112291EB15275FF500BEB521 /* PasswordViewController.m in Sources */ = {isa = PBXBuildFile; fileRef = 112291E915275FF400BEB521 /* PasswordViewController.m */; };
		112291EC15275FF500BEB521 /* PasswordViewController.xib in Resources */ = {isa = PBXBuildFile; fileRef = 112291EA15275FF400BEB521 /* PasswordViewController.xib */; };
		1161D70D152E44530026BEE4 /* Footer 01.png in Resources */ = {isa = PBXBuildFile; fileRef = 1161D70B152E44530026BEE4 /* Footer 01.png */; };
		1161D70E152E44530026BEE4 /* Footer 02.png in Resources */ = {isa = PBXBuildFile; fileRef = 1161D70C152E44530026BEE4 /* Footer 02.png */; };
		11AE37F71525080900C6F981 /* UIKit.framework in Frameworks */ = {isa = PBXBuildFile; fileRef = 11AE37F61525080900C6F981 /* UIKit.framework */; };
		11AE37F91525080900C6F981 /* Foundation.framework in Frameworks */ = {isa = PBXBuildFile; fileRef = 11AE37F81525080900C6F981 /* Foundation.framework */; };
		11AE37FB1525080900C6F981 /* CoreGraphics.framework in Frameworks */ = {isa = PBXBuildFile; fileRef = 11AE37FA1525080900C6F981 /* CoreGraphics.framework */; };
		11AE38011525080900C6F981 /* InfoPlist.strings in Resources */ = {isa = PBXBuildFile; fileRef = 11AE37FF1525080900C6F981 /* InfoPlist.strings */; };
		11AE38031525080900C6F981 /* main.m in Sources */ = {isa = PBXBuildFile; fileRef = 11AE38021525080900C6F981 /* main.m */; };
		11AE38071525080900C6F981 /* AppDelegate.m in Sources */ = {isa = PBXBuildFile; fileRef = 11AE38061525080900C6F981 /* AppDelegate.m */; };
		11AE380E1525081900C6F981 /* MainWindow.xib in Resources */ = {isa = PBXBuildFile; fileRef = 11AE380D1525081900C6F981 /* MainWindow.xib */; };
		11AE38161525096C00C6F981 /* MasterViewController.m in Sources */ = {isa = PBXBuildFile; fileRef = 11AE38141525096B00C6F981 /* MasterViewController.m */; };
		11AE38171525096C00C6F981 /* MasterViewController.xib in Resources */ = {isa = PBXBuildFile; fileRef = 11AE38151525096C00C6F981 /* MasterViewController.xib */; };
		11AE381B15250ADB00C6F981 /* DetailViewController.m in Sources */ = {isa = PBXBuildFile; fileRef = 11AE381915250ADB00C6F981 /* DetailViewController.m */; };
		11AE381C15250ADB00C6F981 /* DetailViewController.xib in Resources */ = {isa = PBXBuildFile; fileRef = 11AE381A15250ADB00C6F981 /* DetailViewController.xib */; };
		11AF6A7F15264547009C9D06 /* OptionsList.plist in Resources */ = {isa = PBXBuildFile; fileRef = 11AF6A7E15264547009C9D06 /* OptionsList.plist */; };
		11B88EB8152E3A1800844FF1 /* Icon.png in Resources */ = {isa = PBXBuildFile; fileRef = 11B88EB7152E3A1800844FF1 /* Icon.png */; };
		11B88EBA152E3A1E00844FF1 /* Icon@2x.png in Resources */ = {isa = PBXBuildFile; fileRef = 11B88EB9152E3A1E00844FF1 /* Icon@2x.png */; };
		11B88EC0152E3A3400844FF1 /* Icon-72.png in Resources */ = {isa = PBXBuildFile; fileRef = 11B88EBB152E3A3400844FF1 /* Icon-72.png */; };
		11B88EC1152E3A3400844FF1 /* Icon-Small-50.png in Resources */ = {isa = PBXBuildFile; fileRef = 11B88EBC152E3A3400844FF1 /* Icon-Small-50.png */; };
		11B88EC2152E3A3400844FF1 /* Icon-Small.png in Resources */ = {isa = PBXBuildFile; fileRef = 11B88EBD152E3A3400844FF1 /* Icon-Small.png */; };
		11B88EC3152E3A3400844FF1 /* Icon-Small@2x.png in Resources */ = {isa = PBXBuildFile; fileRef = 11B88EBE152E3A3400844FF1 /* Icon-Small@2x.png */; };
		11B88EC4152E3A3400844FF1 /* iTunesArtwork in Resources */ = {isa = PBXBuildFile; fileRef = 11B88EBF152E3A3400844FF1 /* iTunesArtwork */; };
		11B88ECB152E3D0800844FF1 /* Title Header 01.png in Resources */ = {isa = PBXBuildFile; fileRef = 11B88EC9152E3D0700844FF1 /* Title Header 01.png */; };
		11B88ECC152E3D0800844FF1 /* Title Header 02.png in Resources */ = {isa = PBXBuildFile; fileRef = 11B88ECA152E3D0800844FF1 /* Title Header 02.png */; };
		11B992EA152F13AF005C938C /* IconFelipe.png in Resources */ = {isa = PBXBuildFile; fileRef = 11B992E9152F13AF005C938C /* IconFelipe.png */; };
		11B992ED152F1F2F005C938C /* Background 3.png in Resources */ = {isa = PBXBuildFile; fileRef = 11B992EC152F1F2F005C938C /* Background 3.png */; };
		11BFCAE215273C9600C9D8CD /* Default.png in Resources */ = {isa = PBXBuildFile; fileRef = 11BFCAE115273C9600C9D8CD /* Default.png */; };
		11BFCAE415273C9C00C9D8CD /* Default@2x.png in Resources */ = {isa = PBXBuildFile; fileRef = 11BFCAE315273C9C00C9D8CD /* Default@2x.png */; };
		11BFCAED15273D3D00C9D8CD /* Background.png in Resources */ = {isa = PBXBuildFile; fileRef = 11BFCAEC15273D3D00C9D8CD /* Background.png */; };
		11BFCAF115273EC700C9D8CD /* Background 2.png in Resources */ = {isa = PBXBuildFile; fileRef = 11BFCAF015273EC700C9D8CD /* Background 2.png */; };
/* End PBXBuildFile section */

/* Begin PBXFileReference section */
		112291E015275A8F00BEB521 /* Icon~EvilCode.png */ = {isa = PBXFileReference; lastKnownFileType = image.png; path = "Icon~EvilCode.png"; sourceTree = "<group>"; };
		112291E115275A8F00BEB521 /* IconAndrey.png */ = {isa = PBXFileReference; lastKnownFileType = image.png; path = IconAndrey.png; sourceTree = "<group>"; };
		112291E215275A8F00BEB521 /* IconBoonz.png */ = {isa = PBXFileReference; lastKnownFileType = image.png; path = IconBoonz.png; sourceTree = "<group>"; };
		112291E315275A8F00BEB521 /* IconMucki.png */ = {isa = PBXFileReference; lastKnownFileType = image.png; path = IconMucki.png; sourceTree = "<group>"; };
		112291E815275FF400BEB521 /* PasswordViewController.h */ = {isa = PBXFileReference; fileEncoding = 4; lastKnownFileType = sourcecode.c.h; path = PasswordViewController.h; sourceTree = "<group>"; };
		112291E915275FF400BEB521 /* PasswordViewController.m */ = {isa = PBXFileReference; fileEncoding = 4; lastKnownFileType = sourcecode.c.objc; path = PasswordViewController.m; sourceTree = "<group>"; };
		112291EA15275FF400BEB521 /* PasswordViewController.xib */ = {isa = PBXFileReference; fileEncoding = 4; lastKnownFileType = file.xib; path = PasswordViewController.xib; sourceTree = "<group>"; };
		1161D70B152E44530026BEE4 /* Footer 01.png */ = {isa = PBXFileReference; lastKnownFileType = image.png; path = "Footer 01.png"; sourceTree = "<group>"; };
		1161D70C152E44530026BEE4 /* Footer 02.png */ = {isa = PBXFileReference; lastKnownFileType = image.png; path = "Footer 02.png"; sourceTree = "<group>"; };
		11AE37F21525080900C6F981 /* To Key.app */ = {isa = PBXFileReference; explicitFileType = wrapper.application; includeInIndex = 0; path = "To Key.app"; sourceTree = BUILT_PRODUCTS_DIR; };
		11AE37F61525080900C6F981 /* UIKit.framework */ = {isa = PBXFileReference; lastKnownFileType = wrapper.framework; name = UIKit.framework; path = System/Library/Frameworks/UIKit.framework; sourceTree = SDKROOT; };
		11AE37F81525080900C6F981 /* Foundation.framework */ = {isa = PBXFileReference; lastKnownFileType = wrapper.framework; name = Foundation.framework; path = System/Library/Frameworks/Foundation.framework; sourceTree = SDKROOT; };
		11AE37FA1525080900C6F981 /* CoreGraphics.framework */ = {isa = PBXFileReference; lastKnownFileType = wrapper.framework; name = CoreGraphics.framework; path = System/Library/Frameworks/CoreGraphics.framework; sourceTree = SDKROOT; };
		11AE37FE1525080900C6F981 /* To Key-Info.plist */ = {isa = PBXFileReference; lastKnownFileType = text.plist.xml; path = "To Key-Info.plist"; sourceTree = "<group>"; };
		11AE38001525080900C6F981 /* en */ = {isa = PBXFileReference; lastKnownFileType = text.plist.strings; name = en; path = en.lproj/InfoPlist.strings; sourceTree = "<group>"; };
		11AE38021525080900C6F981 /* main.m */ = {isa = PBXFileReference; lastKnownFileType = sourcecode.c.objc; path = main.m; sourceTree = "<group>"; };
		11AE38041525080900C6F981 /* To Key-Prefix.pch */ = {isa = PBXFileReference; lastKnownFileType = sourcecode.c.h; path = "To Key-Prefix.pch"; sourceTree = "<group>"; };
		11AE38051525080900C6F981 /* AppDelegate.h */ = {isa = PBXFileReference; lastKnownFileType = sourcecode.c.h; path = AppDelegate.h; sourceTree = "<group>"; };
		11AE38061525080900C6F981 /* AppDelegate.m */ = {isa = PBXFileReference; lastKnownFileType = sourcecode.c.objc; path = AppDelegate.m; sourceTree = "<group>"; };
		11AE380D1525081900C6F981 /* MainWindow.xib */ = {isa = PBXFileReference; fileEncoding = 4; lastKnownFileType = file.xib; path = MainWindow.xib; sourceTree = "<group>"; };
		11AE38131525096B00C6F981 /* MasterViewController.h */ = {isa = PBXFileReference; fileEncoding = 4; lastKnownFileType = sourcecode.c.h; path = MasterViewController.h; sourceTree = "<group>"; };
		11AE38141525096B00C6F981 /* MasterViewController.m */ = {isa = PBXFileReference; fileEncoding = 4; lastKnownFileType = sourcecode.c.objc; path = MasterViewController.m; sourceTree = "<group>"; };
		11AE38151525096C00C6F981 /* MasterViewController.xib */ = {isa = PBXFileReference; fileEncoding = 4; lastKnownFileType = file.xib; path = MasterViewController.xib; sourceTree = "<group>"; };
		11AE381815250ADB00C6F981 /* DetailViewController.h */ = {isa = PBXFileReference; fileEncoding = 4; lastKnownFileType = sourcecode.c.h; path = DetailViewController.h; sourceTree = "<group>"; };
		11AE381915250ADB00C6F981 /* DetailViewController.m */ = {isa = PBXFileReference; fileEncoding = 4; lastKnownFileType = sourcecode.c.objc; path = DetailViewController.m; sourceTree = "<group>"; };
		11AE381A15250ADB00C6F981 /* DetailViewController.xib */ = {isa = PBXFileReference; fileEncoding = 4; lastKnownFileType = file.xib; path = DetailViewController.xib; sourceTree = "<group>"; };
		11AF6A7E15264547009C9D06 /* OptionsList.plist */ = {isa = PBXFileReference; fileEncoding = 4; lastKnownFileType = text.plist.xml; path = OptionsList.plist; sourceTree = "<group>"; };
		11B88EB7152E3A1800844FF1 /* Icon.png */ = {isa = PBXFileReference; lastKnownFileType = image.png; name = Icon.png; path = ../Icon.png; sourceTree = "<group>"; };
		11B88EB9152E3A1E00844FF1 /* Icon@2x.png */ = {isa = PBXFileReference; lastKnownFileType = image.png; name = "Icon@2x.png"; path = "../Icon@2x.png"; sourceTree = "<group>"; };
		11B88EBB152E3A3400844FF1 /* Icon-72.png */ = {isa = PBXFileReference; lastKnownFileType = image.png; path = "Icon-72.png"; sourceTree = "<group>"; };
		11B88EBC152E3A3400844FF1 /* Icon-Small-50.png */ = {isa = PBXFileReference; lastKnownFileType = image.png; path = "Icon-Small-50.png"; sourceTree = "<group>"; };
		11B88EBD152E3A3400844FF1 /* Icon-Small.png */ = {isa = PBXFileReference; lastKnownFileType = image.png; path = "Icon-Small.png"; sourceTree = "<group>"; };
		11B88EBE152E3A3400844FF1 /* Icon-Small@2x.png */ = {isa = PBXFileReference; lastKnownFileType = image.png; path = "Icon-Small@2x.png"; sourceTree = "<group>"; };
		11B88EBF152E3A3400844FF1 /* iTunesArtwork */ = {isa = PBXFileReference; lastKnownFileType = file; path = iTunesArtwork; sourceTree = "<group>"; };
		11B88EC9152E3D0700844FF1 /* Title Header 01.png */ = {isa = PBXFileReference; lastKnownFileType = image.png; path = "Title Header 01.png"; sourceTree = "<group>"; };
		11B88ECA152E3D0800844FF1 /* Title Header 02.png */ = {isa = PBXFileReference; lastKnownFileType = image.png; path = "Title Header 02.png"; sourceTree = "<group>"; };
		11B992E9152F13AF005C938C /* IconFelipe.png */ = {isa = PBXFileReference; lastKnownFileType = image.png; path = IconFelipe.png; sourceTree = "<group>"; };
		11B992EC152F1F2F005C938C /* Background 3.png */ = {isa = PBXFileReference; lastKnownFileType = image.png; path = "Background 3.png"; sourceTree = "<group>"; };
		11BFCAE115273C9600C9D8CD /* Default.png */ = {isa = PBXFileReference; lastKnownFileType = image.png; name = Default.png; path = ../Default.png; sourceTree = "<group>"; };
		11BFCAE315273C9C00C9D8CD /* Default@2x.png */ = {isa = PBXFileReference; lastKnownFileType = image.png; name = "Default@2x.png"; path = "../Default@2x.png"; sourceTree = "<group>"; };
		11BFCAEC15273D3D00C9D8CD /* Background.png */ = {isa = PBXFileReference; lastKnownFileType = image.png; path = Background.png; sourceTree = "<group>"; };
		11BFCAF015273EC700C9D8CD /* Background 2.png */ = {isa = PBXFileReference; lastKnownFileType = image.png; path = "Background 2.png"; sourceTree = "<group>"; };
/* End PBXFileReference section */

/* Begin PBXFrameworksBuildPhase section */
		11AE37EF1525080900C6F981 /* Frameworks */ = {
			isa = PBXFrameworksBuildPhase;
			buildActionMask = 2147483647;
			files = (
				11AE37F71525080900C6F981 /* UIKit.framework in Frameworks */,
				11AE37F91525080900C6F981 /* Foundation.framework in Frameworks */,
				11AE37FB1525080900C6F981 /* CoreGraphics.framework in Frameworks */,
			);
			runOnlyForDeploymentPostprocessing = 0;
		};
/* End PBXFrameworksBuildPhase section */

/* Begin PBXGroup section */
		112291DF15275A4300BEB521 /* TableView */ = {
			isa = PBXGroup;
			children = (
				112291E015275A8F00BEB521 /* Icon~EvilCode.png */,
				112291E115275A8F00BEB521 /* IconAndrey.png */,
				112291E215275A8F00BEB521 /* IconBoonz.png */,
				11B992E9152F13AF005C938C /* IconFelipe.png */,
				112291E315275A8F00BEB521 /* IconMucki.png */,
				11B88EC9152E3D0700844FF1 /* Title Header 01.png */,
				11B88ECA152E3D0800844FF1 /* Title Header 02.png */,
				1161D70B152E44530026BEE4 /* Footer 01.png */,
				1161D70C152E44530026BEE4 /* Footer 02.png */,
			);
			name = TableView;
			sourceTree = "<group>";
		};
		11AE37E71525080900C6F981 = {
			isa = PBXGroup;
			children = (
				11AE37FC1525080900C6F981 /* To Key */,
				11AE37F51525080900C6F981 /* Frameworks */,
				11AE37F31525080900C6F981 /* Products */,
			);
			sourceTree = "<group>";
		};
		11AE37F31525080900C6F981 /* Products */ = {
			isa = PBXGroup;
			children = (
				11AE37F21525080900C6F981 /* To Key.app */,
			);
			name = Products;
			sourceTree = "<group>";
		};
		11AE37F51525080900C6F981 /* Frameworks */ = {
			isa = PBXGroup;
			children = (
				11AE37F61525080900C6F981 /* UIKit.framework */,
				11AE37F81525080900C6F981 /* Foundation.framework */,
				11AE37FA1525080900C6F981 /* CoreGraphics.framework */,
			);
			name = Frameworks;
			sourceTree = "<group>";
		};
		11AE37FC1525080900C6F981 /* To Key */ = {
			isa = PBXGroup;
			children = (
				11AE38051525080900C6F981 /* AppDelegate.h */,
				11AE38061525080900C6F981 /* AppDelegate.m */,
				11AE381815250ADB00C6F981 /* DetailViewController.h */,
				11AE381915250ADB00C6F981 /* DetailViewController.m */,
				11AE38131525096B00C6F981 /* MasterViewController.h */,
				11AE38141525096B00C6F981 /* MasterViewController.m */,
				112291E815275FF400BEB521 /* PasswordViewController.h */,
				112291E915275FF400BEB521 /* PasswordViewController.m */,
				11AE37FD1525080900C6F981 /* Supporting Files */,
			);
			path = "To Key";
			sourceTree = "<group>";
		};
		11AE37FD1525080900C6F981 /* Supporting Files */ = {
			isa = PBXGroup;
			children = (
				11BFCAE915273CD500C9D8CD /* Images */,
				11AE380F1525082000C6F981 /* Xib */,
				11AF6A7E15264547009C9D06 /* OptionsList.plist */,
				11AE37FE1525080900C6F981 /* To Key-Info.plist */,
				11AE37FF1525080900C6F981 /* InfoPlist.strings */,
				11AE38021525080900C6F981 /* main.m */,
				11AE38041525080900C6F981 /* To Key-Prefix.pch */,
			);
			name = "Supporting Files";
			sourceTree = "<group>";
		};
		11AE380F1525082000C6F981 /* Xib */ = {
			isa = PBXGroup;
			children = (
				11AE380D1525081900C6F981 /* MainWindow.xib */,
				11AE381A15250ADB00C6F981 /* DetailViewController.xib */,
				11AE38151525096C00C6F981 /* MasterViewController.xib */,
				112291EA15275FF400BEB521 /* PasswordViewController.xib */,
			);
			name = Xib;
			sourceTree = "<group>";
		};
		11BFCAE915273CD500C9D8CD /* Images */ = {
			isa = PBXGroup;
			children = (
				11BFCAEB15273D0E00C9D8CD /* Backgrounds */,
				112291DF15275A4300BEB521 /* TableView */,
				11BFCAEA15273CEA00C9D8CD /* Icons */,
			);
			name = Images;
			sourceTree = "<group>";
		};
		11BFCAEA15273CEA00C9D8CD /* Icons */ = {
			isa = PBXGroup;
			children = (
				11B88EB7152E3A1800844FF1 /* Icon.png */,
				11B88EB9152E3A1E00844FF1 /* Icon@2x.png */,
				11B88EBB152E3A3400844FF1 /* Icon-72.png */,
				11B88EBC152E3A3400844FF1 /* Icon-Small-50.png */,
				11B88EBD152E3A3400844FF1 /* Icon-Small.png */,
				11B88EBE152E3A3400844FF1 /* Icon-Small@2x.png */,
				11B88EBF152E3A3400844FF1 /* iTunesArtwork */,
			);
			name = Icons;
			sourceTree = "<group>";
		};
		11BFCAEB15273D0E00C9D8CD /* Backgrounds */ = {
			isa = PBXGroup;
			children = (
				11BFCAE115273C9600C9D8CD /* Default.png */,
				11BFCAE315273C9C00C9D8CD /* Default@2x.png */,
				11BFCAEC15273D3D00C9D8CD /* Background.png */,
				11BFCAF015273EC700C9D8CD /* Background 2.png */,
				11B992EC152F1F2F005C938C /* Background 3.png */,
			);
			name = Backgrounds;
			sourceTree = "<group>";
		};
/* End PBXGroup section */

/* Begin PBXNativeTarget section */
		11AE37F11525080900C6F981 /* To Key */ = {
			isa = PBXNativeTarget;
			buildConfigurationList = 11AE380A1525080900C6F981 /* Build configuration list for PBXNativeTarget "To Key" */;
			buildPhases = (
				11AE37EE1525080900C6F981 /* Sources */,
				11AE37EF1525080900C6F981 /* Frameworks */,
				11AE37F01525080900C6F981 /* Resources */,
			);
			buildRules = (
			);
			dependencies = (
			);
			name = "To Key";
			productName = "To Key";
			productReference = 11AE37F21525080900C6F981 /* To Key.app */;
			productType = "com.apple.product-type.application";
		};
/* End PBXNativeTarget section */

/* Begin PBXProject section */
		11AE37E91525080900C6F981 /* Project object */ = {
			isa = PBXProject;
			attributes = {
				LastUpgradeCheck = 0420;
			};
			buildConfigurationList = 11AE37EC1525080900C6F981 /* Build configuration list for PBXProject "To Key" */;
			compatibilityVersion = "Xcode 3.2";
			developmentRegion = English;
			hasScannedForEncodings = 0;
			knownRegions = (
				en,
			);
			mainGroup = 11AE37E71525080900C6F981;
			productRefGroup = 11AE37F31525080900C6F981 /* Products */;
			projectDirPath = "";
			projectRoot = "";
			targets = (
				11AE37F11525080900C6F981 /* To Key */,
			);
		};
/* End PBXProject section */

/* Begin PBXResourcesBuildPhase section */
		11AE37F01525080900C6F981 /* Resources */ = {
			isa = PBXResourcesBuildPhase;
			buildActionMask = 2147483647;
			files = (
				11AE38011525080900C6F981 /* InfoPlist.strings in Resources */,
				11AE380E1525081900C6F981 /* MainWindow.xib in Resources */,
				11AE38171525096C00C6F981 /* MasterViewController.xib in Resources */,
				11AE381C15250ADB00C6F981 /* DetailViewController.xib in Resources */,
				11AF6A7F15264547009C9D06 /* OptionsList.plist in Resources */,
				11BFCAE215273C9600C9D8CD /* Default.png in Resources */,
				11BFCAE415273C9C00C9D8CD /* Default@2x.png in Resources */,
				11BFCAED15273D3D00C9D8CD /* Background.png in Resources */,
				11BFCAF115273EC700C9D8CD /* Background 2.png in Resources */,
				112291E415275A8F00BEB521 /* Icon~EvilCode.png in Resources */,
				112291E515275A8F00BEB521 /* IconAndrey.png in Resources */,
				112291E615275A8F00BEB521 /* IconBoonz.png in Resources */,
				112291E715275A8F00BEB521 /* IconMucki.png in Resources */,
				112291EC15275FF500BEB521 /* PasswordViewController.xib in Resources */,
				11B88EB8152E3A1800844FF1 /* Icon.png in Resources */,
				11B88EBA152E3A1E00844FF1 /* Icon@2x.png in Resources */,
				11B88EC0152E3A3400844FF1 /* Icon-72.png in Resources */,
				11B88EC1152E3A3400844FF1 /* Icon-Small-50.png in Resources */,
				11B88EC2152E3A3400844FF1 /* Icon-Small.png in Resources */,
				11B88EC3152E3A3400844FF1 /* Icon-Small@2x.png in Resources */,
				11B88EC4152E3A3400844FF1 /* iTunesArtwork in Resources */,
				11B88ECB152E3D0800844FF1 /* Title Header 01.png in Resources */,
				11B88ECC152E3D0800844FF1 /* Title Header 02.png in Resources */,
				1161D70D152E44530026BEE4 /* Footer 01.png in Resources */,
				1161D70E152E44530026BEE4 /* Footer 02.png in Resources */,
				11B992EA152F13AF005C938C /* IconFelipe.png in Resources */,
				11B992ED152F1F2F005C938C /* Background 3.png in Resources */,
			);
			runOnlyForDeploymentPostprocessing = 0;
		};
/* End PBXResourcesBuildPhase section */

/* Begin PBXSourcesBuildPhase section */
		11AE37EE1525080900C6F981 /* Sources */ = {
			isa = PBXSourcesBuildPhase;
			buildActionMask = 2147483647;
			files = (
				11AE38031525080900C6F981 /* main.m in Sources */,
				11AE38071525080900C6F981 /* AppDelegate.m in Sources */,
				11AE38161525096C00C6F981 /* MasterViewController.m in Sources */,
				11AE381B15250ADB00C6F981 /* DetailViewController.m in Sources */,
				112291EB15275FF500BEB521 /* PasswordViewController.m in Sources */,
			);
			runOnlyForDeploymentPostprocessing = 0;
		};
/* End PBXSourcesBuildPhase section */

/* Begin PBXVariantGroup section */
		11AE37FF1525080900C6F981 /* InfoPlist.strings */ = {
			isa = PBXVariantGroup;
			children = (
				11AE38001525080900C6F981 /* en */,
			);
			name = InfoPlist.strings;
			sourceTree = "<group>";
		};
/* End PBXVariantGroup section */

/* Begin XCBuildConfiguration section */
		11AE38081525080900C6F981 /* Debug */ = {
			isa = XCBuildConfiguration;
			buildSettings = {
				ALWAYS_SEARCH_USER_PATHS = NO;
				ARCHS = "$(ARCHS_STANDARD_32_BIT)";
				"CODE_SIGN_IDENTITY[sdk=iphoneos*]" = "";
				COPY_PHASE_STRIP = NO;
				GCC_C_LANGUAGE_STANDARD = gnu99;
				GCC_DYNAMIC_NO_PIC = NO;
				GCC_OPTIMIZATION_LEVEL = 0;
				GCC_PREPROCESSOR_DEFINITIONS = (
					"DEBUG=1",
					"$(inherited)",
				);
				GCC_SYMBOLS_PRIVATE_EXTERN = NO;
				GCC_VERSION = com.apple.compilers.llvm.clang.1_0;
				GCC_WARN_ABOUT_MISSING_PROTOTYPES = YES;
				GCC_WARN_ABOUT_RETURN_TYPE = YES;
				GCC_WARN_UNUSED_VARIABLE = YES;
				IPHONEOS_DEPLOYMENT_TARGET = 5.0;
				SDKROOT = iphoneos;
			};
			name = Debug;
		};
		11AE38091525080900C6F981 /* Release */ = {
			isa = XCBuildConfiguration;
			buildSettings = {
				ALWAYS_SEARCH_USER_PATHS = NO;
				ARCHS = "$(ARCHS_STANDARD_32_BIT)";
				"CODE_SIGN_IDENTITY[sdk=iphoneos*]" = "";
				COPY_PHASE_STRIP = YES;
				GCC_C_LANGUAGE_STANDARD = gnu99;
				GCC_VERSION = com.apple.compilers.llvm.clang.1_0;
				GCC_WARN_ABOUT_MISSING_PROTOTYPES = YES;
				GCC_WARN_ABOUT_RETURN_TYPE = YES;
				GCC_WARN_UNUSED_VARIABLE = YES;
				IPHONEOS_DEPLOYMENT_TARGET = 5.0;
				OTHER_CFLAGS = "-DNS_BLOCK_ASSERTIONS=1";
				SDKROOT = iphoneos;
				VALIDATE_PRODUCT = YES;
			};
			name = Release;
		};
		11AE380B1525080900C6F981 /* Debug */ = {
			isa = XCBuildConfiguration;
			buildSettings = {
				GCC_PRECOMPILE_PREFIX_HEADER = YES;
				GCC_PREFIX_HEADER = "To Key/To Key-Prefix.pch";
				INFOPLIST_FILE = "To Key/To Key-Info.plist";
				PRODUCT_NAME = "$(TARGET_NAME)";
				WRAPPER_EXTENSION = app;
			};
			name = Debug;
		};
		11AE380C1525080900C6F981 /* Release */ = {
			isa = XCBuildConfiguration;
			buildSettings = {
				GCC_PRECOMPILE_PREFIX_HEADER = YES;
				GCC_PREFIX_HEADER = "To Key/To Key-Prefix.pch";
				INFOPLIST_FILE = "To Key/To Key-Info.plist";
				PRODUCT_NAME = "$(TARGET_NAME)";
				WRAPPER_EXTENSION = app;
			};
			name = Release;
		};
/* End XCBuildConfiguration section */

/* Begin XCConfigurationList section */
		11AE37EC1525080900C6F981 /* Build configuration list for PBXProject "To Key" */ = {
			isa = XCConfigurationList;
			buildConfigurations = (
				11AE38081525080900C6F981 /* Debug */,
				11AE38091525080900C6F981 /* Release */,
			);
			defaultConfigurationIsVisible = 0;
			defaultConfigurationName = Release;
		};
		11AE380A1525080900C6F981 /* Build configuration list for PBXNativeTarget "To Key" */ = {
			isa = XCConfigurationList;
			buildConfigurations = (
				11AE380B1525080900C6F981 /* Debug */,
				11AE380C1525080900C6F981 /* Release */,
			);
			defaultConfigurationIsVisible = 0;
			defaultConfigurationName = Release;
		};
/* End XCConfigurationList section */
	};
	rootObject = 11AE37E91525080900C6F981 /* Project object */;
}
